
Microsoft Visual Studio Solution File, Format Version 12.00
# Visual Studio Version 17
VisualStudioVersion = 17.13.35806.99
MinimumVisualStudioVersion = 10.0.40219.1
Project("{FAE04EC0-301F-11D3-BF4B-00C04F79EFBC}") = "EcoEnergyRazorBBDD", "EcoEnergyRazorBBDD.csproj", "{0259735B-3640-470E-AA91-C4082AFCCC47}"
EndProject
Global
	GlobalSection(SolutionConfigurationPlatforms) = preSolution
		Debug|Any CPU = Debug|Any CPU
		Release|Any CPU = Release|Any CPU
	EndGlobalSection
	GlobalSection(ProjectConfigurationPlatforms) = postSolution
		{0259735B-3640-470E-AA91-C4082AFCCC47}.Debug|Any CPU.ActiveCfg = Debug|Any CPU
		{0259735B-3640-470E-AA91-C4082AFCCC47}.Debug|Any CPU.Build.0 = Debug|Any CPU
		{0259735B-3640-470E-AA91-C4082AFCCC47}.Release|Any CPU.ActiveCfg = Release|Any CPU
		{0259735B-3640-470E-AA91-C4082AFCCC47}.Release|Any CPU.Build.0 = Release|Any CPU
	EndGlobalSection
	GlobalSection(SolutionProperties) = preSolution
		HideSolutionNode = FALSE
	EndGlobalSection
	GlobalSection(ExtensibilityGlobals) = postSolution
		SolutionGuid = {F7ABADC5-C1B5-4AB5-AC48-470DCF42F519}
	EndGlobalSection
EndGlobal
